
Microsoft Visual Studio Solution File, Format Version 12.00
# Visual Studio Version 16
VisualStudioVersion = 16.0.31410.357
MinimumVisualStudioVersion = 10.0.40219.1
Project("{FAE04EC0-301F-11D3-BF4B-00C04F79EFBC}") = "HSMINET", "HSMINET.csproj", "{8824978E-B182-40EB-92AC-08E46DDBD83D}"
EndProject
Global
	GlobalSection(SolutionConfigurationPlatforms) = preSolution
		Debug|Any CPU = Debug|Any CPU
		Release|Any CPU = Release|Any CPU
	EndGlobalSection
	GlobalSection(ProjectConfigurationPlatforms) = postSolution
		{8824978E-B182-40EB-92AC-08E46DDBD83D}.Debug|Any CPU.ActiveCfg = Debug|Any CPU
		{8824978E-B182-40EB-92AC-08E46DDBD83D}.Debug|Any CPU.Build.0 = Debug|Any CPU
		{8824978E-B182-40EB-92AC-08E46DDBD83D}.Release|Any CPU.ActiveCfg = Release|Any CPU
		{8824978E-B182-40EB-92AC-08E46DDBD83D}.Release|Any CPU.Build.0 = Release|Any CPU
	EndGlobalSection
	GlobalSection(SolutionProperties) = preSolution
		HideSolutionNode = FALSE
	EndGlobalSection
	GlobalSection(ExtensibilityGlobals) = postSolution
		SolutionGuid = {BF3D5425-BD20-4965-A542-0C4B64137E63}
	EndGlobalSection
EndGlobal
